
Microsoft Visual Studio Solution File, Format Version 12.00
# Visual Studio Version 17
VisualStudioVersion = 17.0.31903.59
MinimumVisualStudioVersion = 10.0.40219.1
Project("{FAE04EC0-301F-11D3-BF4B-00C04F79EFBC}") = "TaskManagerAPI", "TaskManagerAPI.csproj", "{4F44CDAE-1881-41A3-B262-A16847AEDC7E}"
EndProject
Project("{FAE04EC0-301F-11D3-BF4B-00C04F79EFBC}") = "TaskManagement.Tests", "..\TaskManagement.Tests\TaskManagement.Tests.csproj", "{DA5705AE-5446-44FB-9D55-20928B8217AA}"
EndProject
Global
	GlobalSection(SolutionConfigurationPlatforms) = preSolution
		Debug|Any CPU = Debug|Any CPU
		Release|Any CPU = Release|Any CPU
	EndGlobalSection
	GlobalSection(ProjectConfigurationPlatforms) = postSolution
		{4F44CDAE-1881-41A3-B262-A16847AEDC7E}.Debug|Any CPU.ActiveCfg = Debug|Any CPU
		{4F44CDAE-1881-41A3-B262-A16847AEDC7E}.Debug|Any CPU.Build.0 = Debug|Any CPU
		{4F44CDAE-1881-41A3-B262-A16847AEDC7E}.Release|Any CPU.ActiveCfg = Release|Any CPU
		{4F44CDAE-1881-41A3-B262-A16847AEDC7E}.Release|Any CPU.Build.0 = Release|Any CPU
		{DA5705AE-5446-44FB-9D55-20928B8217AA}.Debug|Any CPU.ActiveCfg = Debug|Any CPU
		{DA5705AE-5446-44FB-9D55-20928B8217AA}.Debug|Any CPU.Build.0 = Debug|Any CPU
		{DA5705AE-5446-44FB-9D55-20928B8217AA}.Release|Any CPU.ActiveCfg = Release|Any CPU
		{DA5705AE-5446-44FB-9D55-20928B8217AA}.Release|Any CPU.Build.0 = Release|Any CPU
	EndGlobalSection
	GlobalSection(SolutionProperties) = preSolution
		HideSolutionNode = FALSE
	EndGlobalSection
EndGlobal
